
Microsoft Visual Studio Solution File, Format Version 12.00
# Visual Studio Version 17
VisualStudioVersion = 17.13.35931.197
MinimumVisualStudioVersion = 10.0.40219.1
Project("{FAE04EC0-301F-11D3-BF4B-00C04F79EFBC}") = "CentroTreinamento.Domain", "CentroTreinamento.Domain\CentroTreinamento.Domain.csproj", "{F7030CDF-FFA3-494C-B04F-EB121BF5FB46}"
EndProject
Project("{FAE04EC0-301F-11D3-BF4B-00C04F79EFBC}") = "CentroTreinamento.Infrastructure", "CentroTreinamento.Infrastructure\CentroTreinamento.Infrastructure.csproj", "{5F7D820C-D081-4D18-86FA-ABE0115ED5D8}"
EndProject
Project("{FAE04EC0-301F-11D3-BF4B-00C04F79EFBC}") = "CentroTreinamento.Api", "CentroTreinamento.Api\CentroTreinamento.Api.csproj", "{EC81289E-437E-4002-AFDB-F32C7B385269}"
EndProject
Global
	GlobalSection(SolutionConfigurationPlatforms) = preSolution
		Debug|Any CPU = Debug|Any CPU
		Release|Any CPU = Release|Any CPU
	EndGlobalSection
	GlobalSection(ProjectConfigurationPlatforms) = postSolution
		{F7030CDF-FFA3-494C-B04F-EB121BF5FB46}.Debug|Any CPU.ActiveCfg = Debug|Any CPU
		{F7030CDF-FFA3-494C-B04F-EB121BF5FB46}.Debug|Any CPU.Build.0 = Debug|Any CPU
		{F7030CDF-FFA3-494C-B04F-EB121BF5FB46}.Release|Any CPU.ActiveCfg = Release|Any CPU
		{F7030CDF-FFA3-494C-B04F-EB121BF5FB46}.Release|Any CPU.Build.0 = Release|Any CPU
		{5F7D820C-D081-4D18-86FA-ABE0115ED5D8}.Debug|Any CPU.ActiveCfg = Debug|Any CPU
		{5F7D820C-D081-4D18-86FA-ABE0115ED5D8}.Debug|Any CPU.Build.0 = Debug|Any CPU
		{5F7D820C-D081-4D18-86FA-ABE0115ED5D8}.Release|Any CPU.ActiveCfg = Release|Any CPU
		{5F7D820C-D081-4D18-86FA-ABE0115ED5D8}.Release|Any CPU.Build.0 = Release|Any CPU
		{EC81289E-437E-4002-AFDB-F32C7B385269}.Debug|Any CPU.ActiveCfg = Debug|Any CPU
		{EC81289E-437E-4002-AFDB-F32C7B385269}.Debug|Any CPU.Build.0 = Debug|Any CPU
		{EC81289E-437E-4002-AFDB-F32C7B385269}.Release|Any CPU.ActiveCfg = Release|Any CPU
		{EC81289E-437E-4002-AFDB-F32C7B385269}.Release|Any CPU.Build.0 = Release|Any CPU
	EndGlobalSection
	GlobalSection(SolutionProperties) = preSolution
		HideSolutionNode = FALSE
	EndGlobalSection
	GlobalSection(ExtensibilityGlobals) = postSolution
		SolutionGuid = {AAA77973-AB78-4E08-A778-65304149B2A2}
	EndGlobalSection
EndGlobal
